
Microsoft Visual Studio Solution File, Format Version 12.00
# Visual Studio Version 16
VisualStudioVersion = 25.0.1706.14
MinimumVisualStudioVersion = 10.0.40219.1
Project("{FAE04EC0-301F-11D3-BF4B-00C04F79EFBC}") = "basecodeproject", "basecodeproject\basecodeproject.csproj", "{DA7648BB-6040-4A57-96C6-86CB8E075EF5}"
EndProject
Project("{FAE04EC0-301F-11D3-BF4B-00C04F79EFBC}") = "WebApp.Strategy", "WebApp.Strategy\WebApp.Strategy.csproj", "{69CFBD9F-E4F5-4D36-B14F-878774FE9571}"
EndProject
Global
	GlobalSection(SolutionConfigurationPlatforms) = preSolution
		Debug|Any CPU = Debug|Any CPU
		Release|Any CPU = Release|Any CPU
	EndGlobalSection
	GlobalSection(ProjectConfigurationPlatforms) = postSolution
		{DA7648BB-6040-4A57-96C6-86CB8E075EF5}.Debug|Any CPU.ActiveCfg = Debug|Any CPU
		{DA7648BB-6040-4A57-96C6-86CB8E075EF5}.Debug|Any CPU.Build.0 = Debug|Any CPU
		{DA7648BB-6040-4A57-96C6-86CB8E075EF5}.Release|Any CPU.ActiveCfg = Release|Any CPU
		{DA7648BB-6040-4A57-96C6-86CB8E075EF5}.Release|Any CPU.Build.0 = Release|Any CPU
		{69CFBD9F-E4F5-4D36-B14F-878774FE9571}.Debug|Any CPU.ActiveCfg = Debug|Any CPU
		{69CFBD9F-E4F5-4D36-B14F-878774FE9571}.Debug|Any CPU.Build.0 = Debug|Any CPU
		{69CFBD9F-E4F5-4D36-B14F-878774FE9571}.Release|Any CPU.ActiveCfg = Release|Any CPU
		{69CFBD9F-E4F5-4D36-B14F-878774FE9571}.Release|Any CPU.Build.0 = Release|Any CPU
	EndGlobalSection
	GlobalSection(SolutionProperties) = preSolution
		HideSolutionNode = FALSE
	EndGlobalSection
	GlobalSection(ExtensibilityGlobals) = postSolution
		SolutionGuid = {65254B1C-E28C-4F71-92F2-3FB314544D3B}
	EndGlobalSection
EndGlobal
